
Microsoft Visual Studio Solution File, Format Version 12.00
# Visual Studio Version 17
VisualStudioVersion = 17.0.32002.185
MinimumVisualStudioVersion = 10.0.40219.1
Project("{9A19103F-16F7-4668-BE54-9A1E7A4F7556}") = "ManagedGuidSet_Test", "ManagedGuidSet_Test\ManagedGuidSet_Test.csproj", "{D1FD8CEC-8B1D-4109-8495-28711875589D}"
EndProject
Project("{9A19103F-16F7-4668-BE54-9A1E7A4F7556}") = "ManagedGuidSet", "ManagedGuidSet\ManagedGuidSet.csproj", "{E0C9179F-49A9-4D5B-8829-B8169D7DBF1D}"
EndProject
Global
	GlobalSection(SolutionConfigurationPlatforms) = preSolution
		Debug|Any CPU = Debug|Any CPU
		Release|Any CPU = Release|Any CPU
	EndGlobalSection
	GlobalSection(ProjectConfigurationPlatforms) = postSolution
		{D1FD8CEC-8B1D-4109-8495-28711875589D}.Debug|Any CPU.ActiveCfg = Debug|Any CPU
		{D1FD8CEC-8B1D-4109-8495-28711875589D}.Debug|Any CPU.Build.0 = Debug|Any CPU
		{D1FD8CEC-8B1D-4109-8495-28711875589D}.Release|Any CPU.ActiveCfg = Release|Any CPU
		{D1FD8CEC-8B1D-4109-8495-28711875589D}.Release|Any CPU.Build.0 = Release|Any CPU
		{E0C9179F-49A9-4D5B-8829-B8169D7DBF1D}.Debug|Any CPU.ActiveCfg = Debug|Any CPU
		{E0C9179F-49A9-4D5B-8829-B8169D7DBF1D}.Debug|Any CPU.Build.0 = Debug|Any CPU
		{E0C9179F-49A9-4D5B-8829-B8169D7DBF1D}.Release|Any CPU.ActiveCfg = Release|Any CPU
		{E0C9179F-49A9-4D5B-8829-B8169D7DBF1D}.Release|Any CPU.Build.0 = Release|Any CPU
	EndGlobalSection
	GlobalSection(SolutionProperties) = preSolution
		HideSolutionNode = FALSE
	EndGlobalSection
	GlobalSection(ExtensibilityGlobals) = postSolution
		SolutionGuid = {E9C62EBC-C834-4AAC-9B01-60F4750D338C}
	EndGlobalSection
EndGlobal
